
Microsoft Visual Studio Solution File, Format Version 12.00
# Visual Studio Version 16
VisualStudioVersion = 16.0.33328.57
MinimumVisualStudioVersion = 10.0.40219.1
Project("{FAE04EC0-301F-11D3-BF4B-00C04F79EFBC}") = "Test_18_PolesUP", "Test_18_PolesUP\Test_18_PolesUP.csproj", "{8C00F7FA-2F9D-47D7-9438-2CA3E975C989}"
EndProject
Global
	GlobalSection(SolutionConfigurationPlatforms) = preSolution
		Debug|Any CPU = Debug|Any CPU
		Release|Any CPU = Release|Any CPU
	EndGlobalSection
	GlobalSection(ProjectConfigurationPlatforms) = postSolution
		{8C00F7FA-2F9D-47D7-9438-2CA3E975C989}.Debug|Any CPU.ActiveCfg = Debug|Any CPU
		{8C00F7FA-2F9D-47D7-9438-2CA3E975C989}.Debug|Any CPU.Build.0 = Debug|Any CPU
		{8C00F7FA-2F9D-47D7-9438-2CA3E975C989}.Release|Any CPU.ActiveCfg = Release|Any CPU
		{8C00F7FA-2F9D-47D7-9438-2CA3E975C989}.Release|Any CPU.Build.0 = Release|Any CPU
	EndGlobalSection
	GlobalSection(SolutionProperties) = preSolution
		HideSolutionNode = FALSE
	EndGlobalSection
	GlobalSection(ExtensibilityGlobals) = postSolution
		SolutionGuid = {85755228-391F-4CDE-B593-4E58727E5618}
	EndGlobalSection
EndGlobal
